
Microsoft Visual Studio Solution File, Format Version 12.00
# Visual Studio 14
VisualStudioVersion = 14.0.24720.0
MinimumVisualStudioVersion = 10.0.40219.1
Project("{FAE04EC0-301F-11D3-BF4B-00C04F79EFBC}") = "Pinnacle.ResponsibleGaming.Domain", "Pinnacle.ResponsibleGaming.Domain\Pinnacle.ResponsibleGaming.Domain.csproj", "{6223C61D-7F87-4C3D-BCA6-696BB31A5CA7}"
EndProject
Project("{FAE04EC0-301F-11D3-BF4B-00C04F79EFBC}") = "Pinnacle.ResponsibleGaming.Application", "Pinnacle.ResponsibleGaming.Application\Pinnacle.ResponsibleGaming.Application.csproj", "{F39B93A6-28A8-4AE3-A5DC-28188465B33B}"
EndProject
Project("{FAE04EC0-301F-11D3-BF4B-00C04F79EFBC}") = "Pinnacle.ResponsibleGaming.Api", "Pinnacle.ResponsibleGaming.Api\Pinnacle.ResponsibleGaming.Api.csproj", "{4D4BC99B-C546-4A3B-84ED-B7BF7BCBFD57}"
EndProject
Project("{00D1A9C2-B5F0-4AF3-8072-F6C62B433612}") = "Pinnacle.ResponsibleGaming.Database", "Pinnacle.ResponsibleGaming.Database\Pinnacle.ResponsibleGaming.Database.sqlproj", "{B37022D4-6B83-471C-8310-5B1B230276EE}"
EndProject
Project("{2150E333-8FDC-42A3-9474-1A3956D46DE8}") = "1.- Rest Api (Resources)", "1.- Rest Api (Resources)", "{997D3268-F37A-453D-8983-AA1510A79284}"
EndProject
Project("{2150E333-8FDC-42A3-9474-1A3956D46DE8}") = "2.- Application (Requests)", "2.- Application (Requests)", "{C42B21A1-F725-44D6-AFA7-4896266942E8}"
EndProject
Project("{2150E333-8FDC-42A3-9474-1A3956D46DE8}") = "3.- Domain (Entities)", "3.- Domain (Entities)", "{468E6C5C-5BD9-49E4-A5A6-F243C5608EBC}"
EndProject
Project("{2150E333-8FDC-42A3-9474-1A3956D46DE8}") = "4.- Infrastructure", "4.- Infrastructure", "{F82E0C04-0365-4266-BA6A-3BB4012A5483}"
EndProject
Project("{FAE04EC0-301F-11D3-BF4B-00C04F79EFBC}") = "Pinnacle.ResponsibleGaming.Infrastructure", "Pinnacle.ResponsibleGaming.Infrastructure\Pinnacle.ResponsibleGaming.Infrastructure.csproj", "{FA9DC9A8-AE81-4B53-AC8B-28551387DB71}"
EndProject
Project("{FAE04EC0-301F-11D3-BF4B-00C04F79EFBC}") = "Pinnacle.ResponsibleGaming.Events", "Pinnacle.ResponsibleGaming.Events\Pinnacle.ResponsibleGaming.Events.csproj", "{9EA8C8F3-719F-486A-9088-6FE166DF27D9}"
EndProject
Project("{2150E333-8FDC-42A3-9474-1A3956D46DE8}") = "5.- Events", "5.- Events", "{65362678-0DDF-48E3-ACF0-4C9AFB007247}"
EndProject
Project("{2150E333-8FDC-42A3-9474-1A3956D46DE8}") = "6.- Publisher", "6.- Publisher", "{A980A900-E5E8-4981-8308-A0055902D04C}"
EndProject
Project("{FAE04EC0-301F-11D3-BF4B-00C04F79EFBC}") = "Pinnacle.ResponsibleGaming.Publisher", "Pinnacle.ResponsibleGaming.Publisher\Pinnacle.ResponsibleGaming.Publisher.csproj", "{DB10393E-C842-470D-8DAD-9FBAA1E3516A}"
EndProject
Project("{FAE04EC0-301F-11D3-BF4B-00C04F79EFBC}") = "Pinnacle.ResponsibleGaming.ApiClient", "Pinnacle.ResponsibleGaming.ApiClient\Pinnacle.ResponsibleGaming.ApiClient.csproj", "{76021277-02E7-4B7B-9C0E-B33329277385}"
EndProject
Project("{FAE04EC0-301F-11D3-BF4B-00C04F79EFBC}") = "Pinnacle.ResponsibleGaming.ApiClient.Tests", "Pinnacle.ResponsibleGaming.ApiClient.Tests\Pinnacle.ResponsibleGaming.ApiClient.Tests.csproj", "{C40BD9B2-3AB4-4730-AC3C-A6CB326CA40F}"
EndProject
Global
	GlobalSection(SolutionConfigurationPlatforms) = preSolution
		Debug|Any CPU = Debug|Any CPU
		Integration|Any CPU = Integration|Any CPU
		Release|Any CPU = Release|Any CPU
	EndGlobalSection
	GlobalSection(ProjectConfigurationPlatforms) = postSolution
		{6223C61D-7F87-4C3D-BCA6-696BB31A5CA7}.Debug|Any CPU.ActiveCfg = Debug|Any CPU
		{6223C61D-7F87-4C3D-BCA6-696BB31A5CA7}.Debug|Any CPU.Build.0 = Debug|Any CPU
		{6223C61D-7F87-4C3D-BCA6-696BB31A5CA7}.Integration|Any CPU.ActiveCfg = Integration|Any CPU
		{6223C61D-7F87-4C3D-BCA6-696BB31A5CA7}.Integration|Any CPU.Build.0 = Integration|Any CPU
		{6223C61D-7F87-4C3D-BCA6-696BB31A5CA7}.Release|Any CPU.ActiveCfg = Release|Any CPU
		{6223C61D-7F87-4C3D-BCA6-696BB31A5CA7}.Release|Any CPU.Build.0 = Release|Any CPU
		{F39B93A6-28A8-4AE3-A5DC-28188465B33B}.Debug|Any CPU.ActiveCfg = Debug|Any CPU
		{F39B93A6-28A8-4AE3-A5DC-28188465B33B}.Debug|Any CPU.Build.0 = Debug|Any CPU
		{F39B93A6-28A8-4AE3-A5DC-28188465B33B}.Integration|Any CPU.ActiveCfg = Integration|Any CPU
		{F39B93A6-28A8-4AE3-A5DC-28188465B33B}.Integration|Any CPU.Build.0 = Integration|Any CPU
		{F39B93A6-28A8-4AE3-A5DC-28188465B33B}.Release|Any CPU.ActiveCfg = Release|Any CPU
		{F39B93A6-28A8-4AE3-A5DC-28188465B33B}.Release|Any CPU.Build.0 = Release|Any CPU
		{4D4BC99B-C546-4A3B-84ED-B7BF7BCBFD57}.Debug|Any CPU.ActiveCfg = Debug|Any CPU
		{4D4BC99B-C546-4A3B-84ED-B7BF7BCBFD57}.Debug|Any CPU.Build.0 = Debug|Any CPU
		{4D4BC99B-C546-4A3B-84ED-B7BF7BCBFD57}.Integration|Any CPU.ActiveCfg = Integration|Any CPU
		{4D4BC99B-C546-4A3B-84ED-B7BF7BCBFD57}.Integration|Any CPU.Build.0 = Integration|Any CPU
		{4D4BC99B-C546-4A3B-84ED-B7BF7BCBFD57}.Release|Any CPU.ActiveCfg = Release|Any CPU
		{4D4BC99B-C546-4A3B-84ED-B7BF7BCBFD57}.Release|Any CPU.Build.0 = Release|Any CPU
		{B37022D4-6B83-471C-8310-5B1B230276EE}.Debug|Any CPU.ActiveCfg = Debug|Any CPU
		{B37022D4-6B83-471C-8310-5B1B230276EE}.Debug|Any CPU.Build.0 = Debug|Any CPU
		{B37022D4-6B83-471C-8310-5B1B230276EE}.Debug|Any CPU.Deploy.0 = Debug|Any CPU
		{B37022D4-6B83-471C-8310-5B1B230276EE}.Integration|Any CPU.ActiveCfg = Debug|Any CPU
		{B37022D4-6B83-471C-8310-5B1B230276EE}.Integration|Any CPU.Build.0 = Debug|Any CPU
		{B37022D4-6B83-471C-8310-5B1B230276EE}.Integration|Any CPU.Deploy.0 = Debug|Any CPU
		{B37022D4-6B83-471C-8310-5B1B230276EE}.Release|Any CPU.ActiveCfg = Release|Any CPU
		{B37022D4-6B83-471C-8310-5B1B230276EE}.Release|Any CPU.Build.0 = Release|Any CPU
		{B37022D4-6B83-471C-8310-5B1B230276EE}.Release|Any CPU.Deploy.0 = Release|Any CPU
		{FA9DC9A8-AE81-4B53-AC8B-28551387DB71}.Debug|Any CPU.ActiveCfg = Debug|Any CPU
		{FA9DC9A8-AE81-4B53-AC8B-28551387DB71}.Debug|Any CPU.Build.0 = Debug|Any CPU
		{FA9DC9A8-AE81-4B53-AC8B-28551387DB71}.Integration|Any CPU.ActiveCfg = Release|Any CPU
		{FA9DC9A8-AE81-4B53-AC8B-28551387DB71}.Integration|Any CPU.Build.0 = Release|Any CPU
		{FA9DC9A8-AE81-4B53-AC8B-28551387DB71}.Release|Any CPU.ActiveCfg = Release|Any CPU
		{FA9DC9A8-AE81-4B53-AC8B-28551387DB71}.Release|Any CPU.Build.0 = Release|Any CPU
		{9EA8C8F3-719F-486A-9088-6FE166DF27D9}.Debug|Any CPU.ActiveCfg = Debug|Any CPU
		{9EA8C8F3-719F-486A-9088-6FE166DF27D9}.Debug|Any CPU.Build.0 = Debug|Any CPU
		{9EA8C8F3-719F-486A-9088-6FE166DF27D9}.Integration|Any CPU.ActiveCfg = Release|Any CPU
		{9EA8C8F3-719F-486A-9088-6FE166DF27D9}.Integration|Any CPU.Build.0 = Release|Any CPU
		{9EA8C8F3-719F-486A-9088-6FE166DF27D9}.Release|Any CPU.ActiveCfg = Release|Any CPU
		{9EA8C8F3-719F-486A-9088-6FE166DF27D9}.Release|Any CPU.Build.0 = Release|Any CPU
		{DB10393E-C842-470D-8DAD-9FBAA1E3516A}.Debug|Any CPU.ActiveCfg = Debug|Any CPU
		{DB10393E-C842-470D-8DAD-9FBAA1E3516A}.Debug|Any CPU.Build.0 = Debug|Any CPU
		{DB10393E-C842-470D-8DAD-9FBAA1E3516A}.Integration|Any CPU.ActiveCfg = Release|Any CPU
		{DB10393E-C842-470D-8DAD-9FBAA1E3516A}.Integration|Any CPU.Build.0 = Release|Any CPU
		{DB10393E-C842-470D-8DAD-9FBAA1E3516A}.Release|Any CPU.ActiveCfg = Release|Any CPU
		{DB10393E-C842-470D-8DAD-9FBAA1E3516A}.Release|Any CPU.Build.0 = Release|Any CPU
		{76021277-02E7-4B7B-9C0E-B33329277385}.Debug|Any CPU.ActiveCfg = Debug|Any CPU
		{76021277-02E7-4B7B-9C0E-B33329277385}.Debug|Any CPU.Build.0 = Debug|Any CPU
		{76021277-02E7-4B7B-9C0E-B33329277385}.Integration|Any CPU.ActiveCfg = Release|Any CPU
		{76021277-02E7-4B7B-9C0E-B33329277385}.Integration|Any CPU.Build.0 = Release|Any CPU
		{76021277-02E7-4B7B-9C0E-B33329277385}.Release|Any CPU.ActiveCfg = Release|Any CPU
		{76021277-02E7-4B7B-9C0E-B33329277385}.Release|Any CPU.Build.0 = Release|Any CPU
		{C40BD9B2-3AB4-4730-AC3C-A6CB326CA40F}.Debug|Any CPU.ActiveCfg = Debug|Any CPU
		{C40BD9B2-3AB4-4730-AC3C-A6CB326CA40F}.Debug|Any CPU.Build.0 = Debug|Any CPU
		{C40BD9B2-3AB4-4730-AC3C-A6CB326CA40F}.Integration|Any CPU.ActiveCfg = Release|Any CPU
		{C40BD9B2-3AB4-4730-AC3C-A6CB326CA40F}.Integration|Any CPU.Build.0 = Release|Any CPU
		{C40BD9B2-3AB4-4730-AC3C-A6CB326CA40F}.Release|Any CPU.ActiveCfg = Release|Any CPU
		{C40BD9B2-3AB4-4730-AC3C-A6CB326CA40F}.Release|Any CPU.Build.0 = Release|Any CPU
	EndGlobalSection
	GlobalSection(SolutionProperties) = preSolution
		HideSolutionNode = FALSE
	EndGlobalSection
	GlobalSection(NestedProjects) = preSolution
		{6223C61D-7F87-4C3D-BCA6-696BB31A5CA7} = {468E6C5C-5BD9-49E4-A5A6-F243C5608EBC}
		{F39B93A6-28A8-4AE3-A5DC-28188465B33B} = {C42B21A1-F725-44D6-AFA7-4896266942E8}
		{4D4BC99B-C546-4A3B-84ED-B7BF7BCBFD57} = {997D3268-F37A-453D-8983-AA1510A79284}
		{B37022D4-6B83-471C-8310-5B1B230276EE} = {F82E0C04-0365-4266-BA6A-3BB4012A5483}
		{FA9DC9A8-AE81-4B53-AC8B-28551387DB71} = {F82E0C04-0365-4266-BA6A-3BB4012A5483}
		{9EA8C8F3-719F-486A-9088-6FE166DF27D9} = {65362678-0DDF-48E3-ACF0-4C9AFB007247}
		{DB10393E-C842-470D-8DAD-9FBAA1E3516A} = {A980A900-E5E8-4981-8308-A0055902D04C}
		{76021277-02E7-4B7B-9C0E-B33329277385} = {997D3268-F37A-453D-8983-AA1510A79284}
		{C40BD9B2-3AB4-4730-AC3C-A6CB326CA40F} = {997D3268-F37A-453D-8983-AA1510A79284}
	EndGlobalSection
EndGlobal
